
Microsoft Visual Studio Solution File, Format Version 12.00
# Visual Studio Version 17
VisualStudioVersion = 17.7.34024.191
MinimumVisualStudioVersion = 10.0.40219.1
Project("{FAE04EC0-301F-11D3-BF4B-00C04F79EFBC}") = "Project1", "Project1\Project1.csproj", "{1C71FBF9-063F-414B-B442-18A01A2B8426}"
EndProject
Global
	GlobalSection(SolutionConfigurationPlatforms) = preSolution
		Debug|Any CPU = Debug|Any CPU
		Release|Any CPU = Release|Any CPU
	EndGlobalSection
	GlobalSection(ProjectConfigurationPlatforms) = postSolution
		{1C71FBF9-063F-414B-B442-18A01A2B8426}.Debug|Any CPU.ActiveCfg = Debug|Any CPU
		{1C71FBF9-063F-414B-B442-18A01A2B8426}.Debug|Any CPU.Build.0 = Debug|Any CPU
		{1C71FBF9-063F-414B-B442-18A01A2B8426}.Release|Any CPU.ActiveCfg = Release|Any CPU
		{1C71FBF9-063F-414B-B442-18A01A2B8426}.Release|Any CPU.Build.0 = Release|Any CPU
	EndGlobalSection
	GlobalSection(SolutionProperties) = preSolution
		HideSolutionNode = FALSE
	EndGlobalSection
	GlobalSection(ExtensibilityGlobals) = postSolution
		SolutionGuid = {A6A50465-68A0-4E80-A4BE-50025A9C51FF}
	EndGlobalSection
EndGlobal
